
Microsoft Visual Studio Solution File, Format Version 12.00
# Visual Studio Version 17
VisualStudioVersion = 17.5.002.0
MinimumVisualStudioVersion = 10.0.40219.1
Project("{9A19103F-16F7-4668-BE54-9A1E7A4F7556}") = "Shared", "Shared\Shared.csproj", "{E39FBB42-954E-405D-BC0F-5536420412E0}"
EndProject
Project("{9A19103F-16F7-4668-BE54-9A1E7A4F7556}") = "Client", "Client\Client.csproj", "{4A10D0AD-F031-4647-AD0F-AF20B5FD79B8}"
EndProject
Project("{FAE04EC0-301F-11D3-BF4B-00C04F79EFBC}") = "Server", "Server\Server.csproj", "{B1D07AE4-1CE3-4ABB-A90B-79A01EB2ADB9}"
EndProject
Project("{FAE04EC0-301F-11D3-BF4B-00C04F79EFBC}") = "HeadlessClient", "HeadlessClient\HeadlessClient.csproj", "{5DD24230-CDB7-4BBC-A524-90BD7A3AA77F}"
EndProject
Global
	GlobalSection(SolutionConfigurationPlatforms) = preSolution
		Debug|Any CPU = Debug|Any CPU
		Release|Any CPU = Release|Any CPU
	EndGlobalSection
	GlobalSection(ProjectConfigurationPlatforms) = postSolution
		{E39FBB42-954E-405D-BC0F-5536420412E0}.Debug|Any CPU.ActiveCfg = Debug|Any CPU
		{E39FBB42-954E-405D-BC0F-5536420412E0}.Debug|Any CPU.Build.0 = Debug|Any CPU
		{E39FBB42-954E-405D-BC0F-5536420412E0}.Release|Any CPU.ActiveCfg = Release|Any CPU
		{E39FBB42-954E-405D-BC0F-5536420412E0}.Release|Any CPU.Build.0 = Release|Any CPU
		{4A10D0AD-F031-4647-AD0F-AF20B5FD79B8}.Debug|Any CPU.ActiveCfg = Debug|Any CPU
		{4A10D0AD-F031-4647-AD0F-AF20B5FD79B8}.Debug|Any CPU.Build.0 = Debug|Any CPU
		{4A10D0AD-F031-4647-AD0F-AF20B5FD79B8}.Release|Any CPU.ActiveCfg = Release|Any CPU
		{4A10D0AD-F031-4647-AD0F-AF20B5FD79B8}.Release|Any CPU.Build.0 = Release|Any CPU
		{B1D07AE4-1CE3-4ABB-A90B-79A01EB2ADB9}.Debug|Any CPU.ActiveCfg = Debug|Any CPU
		{B1D07AE4-1CE3-4ABB-A90B-79A01EB2ADB9}.Debug|Any CPU.Build.0 = Debug|Any CPU
		{B1D07AE4-1CE3-4ABB-A90B-79A01EB2ADB9}.Release|Any CPU.ActiveCfg = Release|Any CPU
		{B1D07AE4-1CE3-4ABB-A90B-79A01EB2ADB9}.Release|Any CPU.Build.0 = Release|Any CPU
		{5DD24230-CDB7-4BBC-A524-90BD7A3AA77F}.Debug|Any CPU.ActiveCfg = Debug|Any CPU
		{5DD24230-CDB7-4BBC-A524-90BD7A3AA77F}.Debug|Any CPU.Build.0 = Debug|Any CPU
		{5DD24230-CDB7-4BBC-A524-90BD7A3AA77F}.Release|Any CPU.ActiveCfg = Release|Any CPU
		{5DD24230-CDB7-4BBC-A524-90BD7A3AA77F}.Release|Any CPU.Build.0 = Release|Any CPU
	EndGlobalSection
	GlobalSection(SolutionProperties) = preSolution
		HideSolutionNode = FALSE
	EndGlobalSection
	GlobalSection(ExtensibilityGlobals) = postSolution
		SolutionGuid = {A01FD176-DF9A-48F1-8C60-ED7D19E3F85E}
	EndGlobalSection
EndGlobal
